
Microsoft Visual Studio Solution File, Format Version 12.00
# Visual Studio Version 16
VisualStudioVersion = 16.0.32126.315
MinimumVisualStudioVersion = 10.0.40219.1
Project("{FAE04EC0-301F-11D3-BF4B-00C04F79EFBC}") = "PetrolAkaryakıtSis", "PetrolAkaryakıtSis\PetrolAkaryakıtSis.csproj", "{621CE103-D064-412F-B328-047E166E512D}"
EndProject
Global
	GlobalSection(SolutionConfigurationPlatforms) = preSolution
		Debug|Any CPU = Debug|Any CPU
		Release|Any CPU = Release|Any CPU
	EndGlobalSection
	GlobalSection(ProjectConfigurationPlatforms) = postSolution
		{621CE103-D064-412F-B328-047E166E512D}.Debug|Any CPU.ActiveCfg = Debug|Any CPU
		{621CE103-D064-412F-B328-047E166E512D}.Debug|Any CPU.Build.0 = Debug|Any CPU
		{621CE103-D064-412F-B328-047E166E512D}.Release|Any CPU.ActiveCfg = Release|Any CPU
		{621CE103-D064-412F-B328-047E166E512D}.Release|Any CPU.Build.0 = Release|Any CPU
	EndGlobalSection
	GlobalSection(SolutionProperties) = preSolution
		HideSolutionNode = FALSE
	EndGlobalSection
	GlobalSection(ExtensibilityGlobals) = postSolution
		SolutionGuid = {72DC4493-5DF0-474E-A570-84783BBE6304}
	EndGlobalSection
EndGlobal
