
Microsoft Visual Studio Solution File, Format Version 12.00
# Visual Studio Version 16
VisualStudioVersion = 16.0.32126.315
MinimumVisualStudioVersion = 10.0.40219.1
Project("{FAE04EC0-301F-11D3-BF4B-00C04F79EFBC}") = "10-İlişkiliTabloUyg", "10-İlişkiliTabloUyg\10-İlişkiliTabloUyg.csproj", "{CD6529E6-C1D5-4C83-9EE9-A75CDB7B2EAE}"
EndProject
Global
	GlobalSection(SolutionConfigurationPlatforms) = preSolution
		Debug|Any CPU = Debug|Any CPU
		Release|Any CPU = Release|Any CPU
	EndGlobalSection
	GlobalSection(ProjectConfigurationPlatforms) = postSolution
		{CD6529E6-C1D5-4C83-9EE9-A75CDB7B2EAE}.Debug|Any CPU.ActiveCfg = Debug|Any CPU
		{CD6529E6-C1D5-4C83-9EE9-A75CDB7B2EAE}.Debug|Any CPU.Build.0 = Debug|Any CPU
		{CD6529E6-C1D5-4C83-9EE9-A75CDB7B2EAE}.Release|Any CPU.ActiveCfg = Release|Any CPU
		{CD6529E6-C1D5-4C83-9EE9-A75CDB7B2EAE}.Release|Any CPU.Build.0 = Release|Any CPU
	EndGlobalSection
	GlobalSection(SolutionProperties) = preSolution
		HideSolutionNode = FALSE
	EndGlobalSection
	GlobalSection(ExtensibilityGlobals) = postSolution
		SolutionGuid = {2EBC2F3F-FC1E-48C1-AC41-DE37BD4C5BBF}
	EndGlobalSection
EndGlobal
